
Microsoft Visual Studio Solution File, Format Version 12.00
# Visual Studio Version 17
VisualStudioVersion = 17.4.33213.308
MinimumVisualStudioVersion = 10.0.40219.1
Project("{FAE04EC0-301F-11D3-BF4B-00C04F79EFBC}") = "CRUDform", "CRUDform.csproj", "{D5D0CCCF-3BE5-4F3A-AD36-66F74B6F0261}"
EndProject
Global
	GlobalSection(SolutionConfigurationPlatforms) = preSolution
		Debug|Any CPU = Debug|Any CPU
		Release|Any CPU = Release|Any CPU
	EndGlobalSection
	GlobalSection(ProjectConfigurationPlatforms) = postSolution
		{D5D0CCCF-3BE5-4F3A-AD36-66F74B6F0261}.Debug|Any CPU.ActiveCfg = Debug|Any CPU
		{D5D0CCCF-3BE5-4F3A-AD36-66F74B6F0261}.Debug|Any CPU.Build.0 = Debug|Any CPU
		{D5D0CCCF-3BE5-4F3A-AD36-66F74B6F0261}.Release|Any CPU.ActiveCfg = Release|Any CPU
		{D5D0CCCF-3BE5-4F3A-AD36-66F74B6F0261}.Release|Any CPU.Build.0 = Release|Any CPU
	EndGlobalSection
	GlobalSection(SolutionProperties) = preSolution
		HideSolutionNode = FALSE
	EndGlobalSection
	GlobalSection(ExtensibilityGlobals) = postSolution
		SolutionGuid = {B5A7BDE5-3B39-4815-A667-9682AF985847}
	EndGlobalSection
EndGlobal
